{
  "markbot": "1e70a3b97c2bf6c9f5fdc81d65d78670f0b3b6a62e035cfd70cadf623bf86728",
  "index-608.png": "bd6ab6dff79c3f5d36cac3332b2a4b79447ff7baa2188aa47de75edbee4a4c9c",
  "index-960.png": "49316b926aa09bdfb15efcbf7faab10b93f1fbcb77ce2fd7bf4c808aac363e3b",
  "index-1440.png": "517827de460e24b20b612027a41909b10755a600cdd0f047ce46184cd3e3e7eb"
}